# THIS IS AN AUTOGENERATED FILE. DO NOT EDIT THIS FILE DIRECTLY.
# yarn lockfile v1


amdefine@>=0.0.4:
  version "1.0.1"
  resolved "https://registry.yarnpkg.com/amdefine/-/amdefine-1.0.1.tgz#4a5282ac164729e93619bcfd3ad151f817ce91f5"

balanced-match@^0.4.1:
  version "0.4.2"
  resolved "https://registry.yarnpkg.com/balanced-match/-/balanced-match-0.4.2.tgz#cb3f3e3c732dc0f01ee70b403f302e61d7709838"

brace-expansion@^1.1.7:
  version "1.1.7"
  resolved "https://registry.yarnpkg.com/brace-expansion/-/brace-expansion-1.1.7.tgz#3effc3c50e000531fb720eaff80f0ae8ef23cf59"
  dependencies:
    balanced-match "^0.4.1"
    concat-map "0.0.1"

broccoli-caching-writer@^3.0.3:
  version "3.0.3"
  resolved "https://registry.yarnpkg.com/broccoli-caching-writer/-/broccoli-caching-writer-3.0.3.tgz#0bd2c96a9738d6a6ab590f07ba35c5157d7db476"
  dependencies:
    broccoli-kitchen-sink-helpers "^0.3.1"
    broccoli-plugin "^1.2.1"
    debug "^2.1.1"
    rimraf "^2.2.8"
    rsvp "^3.0.17"
    walk-sync "^0.3.0"

broccoli-kitchen-sink-helpers@^0.3.1:
  version "0.3.1"
  resolved "https://registry.yarnpkg.com/broccoli-kitchen-sink-helpers/-/broccoli-kitchen-sink-helpers-0.3.1.tgz#77c7c18194b9664163ec4fcee2793444926e0c06"
  dependencies:
    glob "^5.0.10"
    mkdirp "^0.5.1"

broccoli-plugin@^1.2.1:
  version "1.3.0"
  resolved "https://registry.yarnpkg.com/broccoli-plugin/-/broccoli-plugin-1.3.0.tgz#bee704a8e42da08cb58e513aaa436efb7f0ef1ee"
  dependencies:
    promise-map-series "^0.2.1"
    quick-temp "^0.1.3"
    rimraf "^2.3.4"
    symlink-or-copy "^1.1.8"

concat-map@0.0.1:
  version "0.0.1"
  resolved "https://registry.yarnpkg.com/concat-map/-/concat-map-0.0.1.tgz#d8a96bd77fd68df7793a73036a3ba0d5405d477b"

debug@^2.1.1:
  version "2.6.6"
  resolved "https://registry.yarnpkg.com/debug/-/debug-2.6.6.tgz#a9fa6fbe9ca43cf1e79f73b75c0189cbb7d6db5a"
  dependencies:
    ms "0.7.3"

ensure-posix-path@^1.0.0:
  version "1.0.2"
  resolved "https://registry.yarnpkg.com/ensure-posix-path/-/ensure-posix-path-1.0.2.tgz#a65b3e42d0b71cfc585eb774f9943c8d9b91b0c2"

fs.realpath@^1.0.0:
  version "1.0.0"
  resolved "https://registry.yarnpkg.com/fs.realpath/-/fs.realpath-1.0.0.tgz#1504ad2523158caa40db4a2787cb01411994ea4f"

glob@^5.0.10:
  version "5.0.15"
  resolved "https://registry.yarnpkg.com/glob/-/glob-5.0.15.tgz#1bc936b9e02f4a603fcc222ecf7633d30b8b93b1"
  dependencies:
    inflight "^1.0.4"
    inherits "2"
    minimatch "2 || 3"
    once "^1.3.0"
    path-is-absolute "^1.0.0"

glob@^7.0.5:
  version "7.1.1"
  resolved "https://registry.yarnpkg.com/glob/-/glob-7.1.1.tgz#805211df04faaf1c63a3600306cdf5ade50b2ec8"
  dependencies:
    fs.realpath "^1.0.0"
    inflight "^1.0.4"
    inherits "2"
    minimatch "^3.0.2"
    once "^1.3.0"
    path-is-absolute "^1.0.0"

inflight@^1.0.4:
  version "1.0.6"
  resolved "https://registry.yarnpkg.com/inflight/-/inflight-1.0.6.tgz#49bd6331d7d02d0c09bc910a1075ba8165b56df9"
  dependencies:
    once "^1.3.0"
    wrappy "1"

inherits@2:
  version "2.0.3"
  resolved "https://registry.yarnpkg.com/inherits/-/inherits-2.0.3.tgz#633c2c83e3da42a502f52466022480f4208261de"

js-base64@~2.1.5:
  version "2.1.9"
  resolved "https://registry.yarnpkg.com/js-base64/-/js-base64-2.1.9.tgz#f0e80ae039a4bd654b5f281fc93f04a914a7fcce"

matcher-collection@^1.0.0:
  version "1.0.4"
  resolved "https://registry.yarnpkg.com/matcher-collection/-/matcher-collection-1.0.4.tgz#2f66ae0869996f29e43d0b62c83dd1d43e581755"
  dependencies:
    minimatch "^3.0.2"

"minimatch@2 || 3", minimatch@^3.0.2:
  version "3.0.4"
  resolved "https://registry.yarnpkg.com/minimatch/-/minimatch-3.0.4.tgz#5166e286457f03306064be5497e8dbb0c3d32083"
  dependencies:
    brace-expansion "^1.1.7"

minimist@0.0.8:
  version "0.0.8"
  resolved "https://registry.yarnpkg.com/minimist/-/minimist-0.0.8.tgz#857fcabfc3397d2625b8228262e86aa7a011b05d"

mkdirp@^0.5.1:
  version "0.5.1"
  resolved "https://registry.yarnpkg.com/mkdirp/-/mkdirp-0.5.1.tgz#30057438eac6cf7f8c4767f38648d6697d75c903"
  dependencies:
    minimist "0.0.8"

mktemp@~0.4.0:
  version "0.4.0"
  resolved "https://registry.yarnpkg.com/mktemp/-/mktemp-0.4.0.tgz#6d0515611c8a8c84e484aa2000129b98e981ff0b"

ms@0.7.3:
  version "0.7.3"
  resolved "https://registry.yarnpkg.com/ms/-/ms-0.7.3.tgz#708155a5e44e33f5fd0fc53e81d0d40a91be1fff"

once@^1.3.0:
  version "1.4.0"
  resolved "https://registry.yarnpkg.com/once/-/once-1.4.0.tgz#583b1aa775961d4b113ac17d9c50baef9dd76bd1"
  dependencies:
    wrappy "1"

path-is-absolute@^1.0.0:
  version "1.0.1"
  resolved "https://registry.yarnpkg.com/path-is-absolute/-/path-is-absolute-1.0.1.tgz#174b9268735534ffbc7ace6bf53a5a9e1b5c5f5f"

postcss-separator@^1.0.0:
  version "1.0.0"
  resolved "https://registry.yarnpkg.com/postcss-separator/-/postcss-separator-1.0.0.tgz#141c97b6f2c01ba6fff8d080393784c318be28fb"
  dependencies:
    postcss "~3.0.0"

postcss@~3.0.0:
  version "3.0.7"
  resolved "https://registry.yarnpkg.com/postcss/-/postcss-3.0.7.tgz#cba8b0721f02aca042cc2fee84741898ad200772"
  dependencies:
    js-base64 "~2.1.5"
    source-map "~0.1.40"

promise-map-series@^0.2.1:
  version "0.2.3"
  resolved "https://registry.yarnpkg.com/promise-map-series/-/promise-map-series-0.2.3.tgz#c2d377afc93253f6bd03dbb77755eb88ab20a847"
  dependencies:
    rsvp "^3.0.14"

quick-temp@^0.1.3:
  version "0.1.8"
  resolved "https://registry.yarnpkg.com/quick-temp/-/quick-temp-0.1.8.tgz#bab02a242ab8fb0dd758a3c9776b32f9a5d94408"
  dependencies:
    mktemp "~0.4.0"
    rimraf "^2.5.4"
    underscore.string "~3.3.4"

rimraf@^2.2.8, rimraf@^2.3.4, rimraf@^2.5.4:
  version "2.6.1"
  resolved "https://registry.yarnpkg.com/rimraf/-/rimraf-2.6.1.tgz#c2338ec643df7a1b7fe5c54fa86f57428a55f33d"
  dependencies:
    glob "^7.0.5"

rsvp@^3.0.14, rsvp@^3.0.17:
  version "3.5.0"
  resolved "https://registry.yarnpkg.com/rsvp/-/rsvp-3.5.0.tgz#a62c573a4ae4e1dfd0697ebc6242e79c681eaa34"

source-map@~0.1.40:
  version "0.1.43"
  resolved "https://registry.yarnpkg.com/source-map/-/source-map-0.1.43.tgz#c24bc146ca517c1471f5dacbe2571b2b7f9e3346"
  dependencies:
    amdefine ">=0.0.4"

sprintf-js@^1.0.3:
  version "1.1.0"
  resolved "https://registry.yarnpkg.com/sprintf-js/-/sprintf-js-1.1.0.tgz#cffcaf702daf65ea39bb4e0fa2b299cec1a1be46"

symlink-or-copy@^1.1.8:
  version "1.1.8"
  resolved "https://registry.yarnpkg.com/symlink-or-copy/-/symlink-or-copy-1.1.8.tgz#cabe61e0010c1c023c173b25ee5108b37f4b4aa3"

underscore.string@~3.3.4:
  version "3.3.4"
  resolved "https://registry.yarnpkg.com/underscore.string/-/underscore.string-3.3.4.tgz#2c2a3f9f83e64762fdc45e6ceac65142864213db"
  dependencies:
    sprintf-js "^1.0.3"
    util-deprecate "^1.0.2"

util-deprecate@^1.0.2:
  version "1.0.2"
  resolved "https://registry.yarnpkg.com/util-deprecate/-/util-deprecate-1.0.2.tgz#450d4dc9fa70de732762fbd2d4a28981419a0ccf"

walk-sync@^0.3.0, walk-sync@^0.3.1:
  version "0.3.1"
  resolved "https://registry.yarnpkg.com/walk-sync/-/walk-sync-0.3.1.tgz#558a16aeac8c0db59c028b73c66f397684ece465"
  dependencies:
    ensure-posix-path "^1.0.0"
    matcher-collection "^1.0.0"

wrappy@1:
  version "1.0.2"
  resolved "https://registry.yarnpkg.com/wrappy/-/wrappy-1.0.2.tgz#b5243d8f3ec1aa35f1364605bc0d1036e30ab69f"
